
Microsoft Visual Studio Solution File, Format Version 12.00
# Visual Studio Version 16
VisualStudioVersion = 16.0.31515.178
MinimumVisualStudioVersion = 10.0.40219.1
Project("{FAE04EC0-301F-11D3-BF4B-00C04F79EFBC}") = "Interview", "Interview.csproj", "{AFBC5783-BE7C-4FCC-9468-6933E8BA4C7F}"
EndProject
Global
	GlobalSection(SolutionConfigurationPlatforms) = preSolution
		Debug|Any CPU = Debug|Any CPU
		Release|Any CPU = Release|Any CPU
	EndGlobalSection
	GlobalSection(ProjectConfigurationPlatforms) = postSolution
		{AFBC5783-BE7C-4FCC-9468-6933E8BA4C7F}.Debug|Any CPU.ActiveCfg = Debug|Any CPU
		{AFBC5783-BE7C-4FCC-9468-6933E8BA4C7F}.Debug|Any CPU.Build.0 = Debug|Any CPU
		{AFBC5783-BE7C-4FCC-9468-6933E8BA4C7F}.Release|Any CPU.ActiveCfg = Release|Any CPU
		{AFBC5783-BE7C-4FCC-9468-6933E8BA4C7F}.Release|Any CPU.Build.0 = Release|Any CPU
	EndGlobalSection
	GlobalSection(SolutionProperties) = preSolution
		HideSolutionNode = FALSE
	EndGlobalSection
	GlobalSection(ExtensibilityGlobals) = postSolution
		SolutionGuid = {329C82BF-8916-421C-932C-1838990FAC16}
	EndGlobalSection
EndGlobal
